
Microsoft Visual Studio Solution File, Format Version 12.00
# Visual Studio Version 17
VisualStudioVersion = 17.13.35913.81 d17.13
MinimumVisualStudioVersion = 10.0.40219.1
Project("{FAE04EC0-301F-11D3-BF4B-00C04F79EFBC}") = "SubjectSelectionApp", "SubjectSelectionApp\SubjectSelectionApp.csproj", "{5E69696C-25B1-4361-835D-13D6C120267F}"
EndProject
Global
	GlobalSection(SolutionConfigurationPlatforms) = preSolution
		Debug|Any CPU = Debug|Any CPU
		Release|Any CPU = Release|Any CPU
	EndGlobalSection
	GlobalSection(ProjectConfigurationPlatforms) = postSolution
		{5E69696C-25B1-4361-835D-13D6C120267F}.Debug|Any CPU.ActiveCfg = Debug|Any CPU
		{5E69696C-25B1-4361-835D-13D6C120267F}.Debug|Any CPU.Build.0 = Debug|Any CPU
		{5E69696C-25B1-4361-835D-13D6C120267F}.Release|Any CPU.ActiveCfg = Release|Any CPU
		{5E69696C-25B1-4361-835D-13D6C120267F}.Release|Any CPU.Build.0 = Release|Any CPU
	EndGlobalSection
	GlobalSection(SolutionProperties) = preSolution
		HideSolutionNode = FALSE
	EndGlobalSection
	GlobalSection(ExtensibilityGlobals) = postSolution
		SolutionGuid = {A970DA49-1ACE-4F91-A7BD-EDB0203B8C1F}
	EndGlobalSection
EndGlobal
